
Microsoft Visual Studio Solution File, Format Version 12.00
# Visual Studio Version 17
VisualStudioVersion = 17.9.34728.123
MinimumVisualStudioVersion = 10.0.40219.1
Project("{FAE04EC0-301F-11D3-BF4B-00C04F79EFBC}") = "AdapterPatternLab", "AdapterPatternLab\AdapterPatternLab.csproj", "{02DB0B31-8D57-4BDD-8D1F-A115629F53B3}"
EndProject
Global
	GlobalSection(SolutionConfigurationPlatforms) = preSolution
		Debug|Any CPU = Debug|Any CPU
		Release|Any CPU = Release|Any CPU
	EndGlobalSection
	GlobalSection(ProjectConfigurationPlatforms) = postSolution
		{02DB0B31-8D57-4BDD-8D1F-A115629F53B3}.Debug|Any CPU.ActiveCfg = Debug|Any CPU
		{02DB0B31-8D57-4BDD-8D1F-A115629F53B3}.Debug|Any CPU.Build.0 = Debug|Any CPU
		{02DB0B31-8D57-4BDD-8D1F-A115629F53B3}.Release|Any CPU.ActiveCfg = Release|Any CPU
		{02DB0B31-8D57-4BDD-8D1F-A115629F53B3}.Release|Any CPU.Build.0 = Release|Any CPU
	EndGlobalSection
	GlobalSection(SolutionProperties) = preSolution
		HideSolutionNode = FALSE
	EndGlobalSection
	GlobalSection(ExtensibilityGlobals) = postSolution
		SolutionGuid = {0B17C49B-CB2B-428D-A5A3-D43EACB1C83A}
	EndGlobalSection
EndGlobal
